
Microsoft Visual Studio Solution File, Format Version 12.00
# Visual Studio 15
VisualStudioVersion = 15.0.27703.2035
MinimumVisualStudioVersion = 10.0.40219.1
Project("{FAE04EC0-301F-11D3-BF4B-00C04F79EFBC}") = "Razor01", "Razor01\Razor01.csproj", "{6493C478-1A4F-4DD3-91C7-4E2CD6B2902D}"
EndProject
Global
	GlobalSection(SolutionConfigurationPlatforms) = preSolution
		Debug|Any CPU = Debug|Any CPU
		Release|Any CPU = Release|Any CPU
	EndGlobalSection
	GlobalSection(ProjectConfigurationPlatforms) = postSolution
		{6493C478-1A4F-4DD3-91C7-4E2CD6B2902D}.Debug|Any CPU.ActiveCfg = Debug|Any CPU
		{6493C478-1A4F-4DD3-91C7-4E2CD6B2902D}.Debug|Any CPU.Build.0 = Debug|Any CPU
		{6493C478-1A4F-4DD3-91C7-4E2CD6B2902D}.Release|Any CPU.ActiveCfg = Release|Any CPU
		{6493C478-1A4F-4DD3-91C7-4E2CD6B2902D}.Release|Any CPU.Build.0 = Release|Any CPU
	EndGlobalSection
	GlobalSection(SolutionProperties) = preSolution
		HideSolutionNode = FALSE
	EndGlobalSection
	GlobalSection(ExtensibilityGlobals) = postSolution
		SolutionGuid = {848F761D-2D2E-4839-907B-050FC56C5133}
	EndGlobalSection
EndGlobal
